
Microsoft Visual Studio Solution File, Format Version 11.00
# Visual Studio 2010
Project("{FAE04EC0-301F-11D3-BF4B-00C04F79EFBC}") = "ShowKitApp", "ShowKitApp\ShowKitApp.csproj", "{BE89EAB2-D216-4218-9EA2-37A02BDC66E7}"
EndProject
Global
	GlobalSection(SolutionConfigurationPlatforms) = preSolution
		Debug|iPhoneSimulator = Debug|iPhoneSimulator
		Release|iPhoneSimulator = Release|iPhoneSimulator
		Ad-Hoc|iPhone = Ad-Hoc|iPhone
		AppStore|iPhone = AppStore|iPhone
		Debug|iPhone = Debug|iPhone
	EndGlobalSection
	GlobalSection(ProjectConfigurationPlatforms) = postSolution
		{BE89EAB2-D216-4218-9EA2-37A02BDC66E7}.Ad-Hoc|iPhone.ActiveCfg = Ad-Hoc|iPhone
		{BE89EAB2-D216-4218-9EA2-37A02BDC66E7}.Ad-Hoc|iPhone.Build.0 = Ad-Hoc|iPhone
		{BE89EAB2-D216-4218-9EA2-37A02BDC66E7}.AppStore|iPhone.ActiveCfg = AppStore|iPhone
		{BE89EAB2-D216-4218-9EA2-37A02BDC66E7}.AppStore|iPhone.Build.0 = AppStore|iPhone
		{BE89EAB2-D216-4218-9EA2-37A02BDC66E7}.Debug|iPhone.ActiveCfg = Debug|iPhone
		{BE89EAB2-D216-4218-9EA2-37A02BDC66E7}.Debug|iPhone.Build.0 = Debug|iPhone
		{BE89EAB2-D216-4218-9EA2-37A02BDC66E7}.Debug|iPhoneSimulator.ActiveCfg = Debug|iPhoneSimulator
		{BE89EAB2-D216-4218-9EA2-37A02BDC66E7}.Debug|iPhoneSimulator.Build.0 = Debug|iPhoneSimulator
		{BE89EAB2-D216-4218-9EA2-37A02BDC66E7}.Release|iPhoneSimulator.ActiveCfg = Release|iPhoneSimulator
		{BE89EAB2-D216-4218-9EA2-37A02BDC66E7}.Release|iPhoneSimulator.Build.0 = Release|iPhoneSimulator
	EndGlobalSection
	GlobalSection(MonoDevelopProperties) = preSolution
		StartupItem = ShowKitApp\ShowKitApp.csproj
	EndGlobalSection
EndGlobal
